{
  "name": "patternfly-yew-popper-panic",
  "version": "0.0.1",
  "lockfileVersion": 3,
  "requires": true,
  "packages": {
    "": {
      "name": "patternfly-yew-popper-panic",
      "version": "0.0.1",
      "dependencies": {
        "@patternfly/patternfly": "^6"
      }
    },
    "node_modules/@patternfly/patternfly": {
      "version": "6.6.1",
      "resolved": "https://registry.npmjs.org/@patternfly/patternfly/-/patternfly-6.6.1.tgz",
      "integrity": "sha512-8P9C1TmFk5y5s2/1XVjmP9JmSyDXDiNBwPZewhPizULtqlaRu+Evljx/X1HTSFrCNY0qgI1uDKy+NXiorIniyA==",
      "license": "MIT"
    }
  }
}
